// !$*UTF8*$!
{
	archiveVersion = 1;
	classes = {
	};
	objectVersion = 48;
	objects = {

/* Begin PBXBuildFile section */
		A02A8A90206DC1010037A50F /* KUTaskFramework.framework in Frameworks */ = {isa = PBXBuildFile; fileRef = A02A8A8F206DC1010037A50F /* KUTaskFramework.framework */; };
		A02A8A91206DC2170037A50F /* KUTaskFramework.framework in Embed Frameworks */ = {isa = PBXBuildFile; fileRef = A02A8A8F206DC1010037A50F /* KUTaskFramework.framework */; settings = {ATTRIBUTES = (CodeSignOnCopy, RemoveHeadersOnCopy, ); }; };
		A0A0B2E2206B44420033C162 /* AppDelegate.swift in Sources */ = {isa = PBXBuildFile; fileRef = A0A0B2E1206B44420033C162 /* AppDelegate.swift */; };
		A0A0B2E4206B44420033C162 /* ViewController.swift in Sources */ = {isa = PBXBuildFile; fileRef = A0A0B2E3206B44420033C162 /* ViewController.swift */; };
		A0A0B2E6206B44420033C162 /* Assets.xcassets in Resources */ = {isa = PBXBuildFile; fileRef = A0A0B2E5206B44420033C162 /* Assets.xcassets */; };
		A0A0B2E9206B44420033C162 /* Main.storyboard in Resources */ = {isa = PBXBuildFile; fileRef = A0A0B2E7206B44420033C162 /* Main.storyboard */; };
		A0A0B2F2206B44AA0033C162 /* DockerComands in Resources */ = {isa = PBXBuildFile; fileRef = A0A0B2F1206B44AA0033C162 /* DockerComands */; };
		A0A0B2F4206B45310033C162 /* manDocker.plist in Resources */ = {isa = PBXBuildFile; fileRef = A0A0B2F3206B45310033C162 /* manDocker.plist */; };
		A0A0B2F6206B4FCE0033C162 /* Docker.swift in Sources */ = {isa = PBXBuildFile; fileRef = A0A0B2F5206B4FCE0033C162 /* Docker.swift */; };
		A0A0B2F8206BE44A0033C162 /* DockerComandTools.swift in Sources */ = {isa = PBXBuildFile; fileRef = A0A0B2F7206BE44A0033C162 /* DockerComandTools.swift */; };
/* End PBXBuildFile section */

/* Begin PBXCopyFilesBuildPhase section */
		A0A0B30A206C75100033C162 /* Embed Frameworks */ = {
			isa = PBXCopyFilesBuildPhase;
			buildActionMask = 12;
			dstPath = "";
			dstSubfolderSpec = 10;
			files = (
				A02A8A91206DC2170037A50F /* KUTaskFramework.framework in Embed Frameworks */,
			);
			name = "Embed Frameworks";
			runOnlyForDeploymentPostprocessing = 0;
		};
/* End PBXCopyFilesBuildPhase section */

/* Begin PBXFileReference section */
		A02A8A8F206DC1010037A50F /* KUTaskFramework.framework */ = {isa = PBXFileReference; lastKnownFileType = wrapper.framework; path = KUTaskFramework.framework; sourceTree = "<group>"; };
		A0A0B2DE206B44420033C162 /* SwiftDockerUI.app */ = {isa = PBXFileReference; explicitFileType = wrapper.application; includeInIndex = 0; path = SwiftDockerUI.app; sourceTree = BUILT_PRODUCTS_DIR; };
		A0A0B2E1206B44420033C162 /* AppDelegate.swift */ = {isa = PBXFileReference; lastKnownFileType = sourcecode.swift; path = AppDelegate.swift; sourceTree = "<group>"; };
		A0A0B2E3206B44420033C162 /* ViewController.swift */ = {isa = PBXFileReference; lastKnownFileType = sourcecode.swift; path = ViewController.swift; sourceTree = "<group>"; };
		A0A0B2E5206B44420033C162 /* Assets.xcassets */ = {isa = PBXFileReference; lastKnownFileType = folder.assetcatalog; path = Assets.xcassets; sourceTree = "<group>"; };
		A0A0B2E8206B44420033C162 /* Base */ = {isa = PBXFileReference; lastKnownFileType = file.storyboard; name = Base; path = Base.lproj/Main.storyboard; sourceTree = "<group>"; };
		A0A0B2EA206B44420033C162 /* Info.plist */ = {isa = PBXFileReference; lastKnownFileType = text.plist.xml; path = Info.plist; sourceTree = "<group>"; };
		A0A0B2EB206B44420033C162 /* SwiftDockerUI.entitlements */ = {isa = PBXFileReference; lastKnownFileType = text.plist.entitlements; path = SwiftDockerUI.entitlements; sourceTree = "<group>"; };
		A0A0B2F1206B44AA0033C162 /* DockerComands */ = {isa = PBXFileReference; lastKnownFileType = folder; path = DockerComands; sourceTree = "<group>"; };
		A0A0B2F3206B45310033C162 /* manDocker.plist */ = {isa = PBXFileReference; lastKnownFileType = text.plist.xml; path = manDocker.plist; sourceTree = "<group>"; };
		A0A0B2F5206B4FCE0033C162 /* Docker.swift */ = {isa = PBXFileReference; lastKnownFileType = sourcecode.swift; path = Docker.swift; sourceTree = "<group>"; };
		A0A0B2F7206BE44A0033C162 /* DockerComandTools.swift */ = {isa = PBXFileReference; lastKnownFileType = sourcecode.swift; path = DockerComandTools.swift; sourceTree = "<group>"; };
/* End PBXFileReference section */

/* Begin PBXFrameworksBuildPhase section */
		A0A0B2DB206B44420033C162 /* Frameworks */ = {
			isa = PBXFrameworksBuildPhase;
			buildActionMask = 2147483647;
			files = (
				A02A8A90206DC1010037A50F /* KUTaskFramework.framework in Frameworks */,
			);
			runOnlyForDeploymentPostprocessing = 0;
		};
/* End PBXFrameworksBuildPhase section */

/* Begin PBXGroup section */
		A0A0B2D5206B44420033C162 = {
			isa = PBXGroup;
			children = (
				A0A0B2F1206B44AA0033C162 /* DockerComands */,
				A0A0B2E0206B44420033C162 /* SwiftDockerUI */,
				A0A0B2DF206B44420033C162 /* Products */,
				A0A0B2F9206C6E260033C162 /* Frameworks */,
			);
			sourceTree = "<group>";
		};
		A0A0B2DF206B44420033C162 /* Products */ = {
			isa = PBXGroup;
			children = (
				A0A0B2DE206B44420033C162 /* SwiftDockerUI.app */,
			);
			name = Products;
			sourceTree = "<group>";
		};
		A0A0B2E0206B44420033C162 /* SwiftDockerUI */ = {
			isa = PBXGroup;
			children = (
				A0A0B2E1206B44420033C162 /* AppDelegate.swift */,
				A0A0B2E3206B44420033C162 /* ViewController.swift */,
				A0A0B2E5206B44420033C162 /* Assets.xcassets */,
				A0A0B2E7206B44420033C162 /* Main.storyboard */,
				A0A0B2EA206B44420033C162 /* Info.plist */,
				A0A0B2EB206B44420033C162 /* SwiftDockerUI.entitlements */,
				A0A0B2F3206B45310033C162 /* manDocker.plist */,
				A0A0B2F5206B4FCE0033C162 /* Docker.swift */,
				A0A0B2F7206BE44A0033C162 /* DockerComandTools.swift */,
			);
			path = SwiftDockerUI;
			sourceTree = "<group>";
		};
		A0A0B2F9206C6E260033C162 /* Frameworks */ = {
			isa = PBXGroup;
			children = (
				A02A8A8F206DC1010037A50F /* KUTaskFramework.framework */,
			);
			name = Frameworks;
			sourceTree = "<group>";
		};
/* End PBXGroup section */

/* Begin PBXNativeTarget section */
		A0A0B2DD206B44420033C162 /* SwiftDockerUI */ = {
			isa = PBXNativeTarget;
			buildConfigurationList = A0A0B2EE206B44420033C162 /* Build configuration list for PBXNativeTarget "SwiftDockerUI" */;
			buildPhases = (
				A0A0B2DA206B44420033C162 /* Sources */,
				A0A0B2DB206B44420033C162 /* Frameworks */,
				A0A0B2DC206B44420033C162 /* Resources */,
				A0A0B30A206C75100033C162 /* Embed Frameworks */,
			);
			buildRules = (
			);
			dependencies = (
			);
			name = SwiftDockerUI;
			productName = SwiftDockerUI;
			productReference = A0A0B2DE206B44420033C162 /* SwiftDockerUI.app */;
			productType = "com.apple.product-type.application";
		};
/* End PBXNativeTarget section */

/* Begin PBXProject section */
		A0A0B2D6206B44420033C162 /* Project object */ = {
			isa = PBXProject;
			attributes = {
				LastSwiftUpdateCheck = 0920;
				LastUpgradeCheck = 0920;
				ORGANIZATIONNAME = Talayot;
				TargetAttributes = {
					A0A0B2DD206B44420033C162 = {
						CreatedOnToolsVersion = 9.2;
						ProvisioningStyle = Automatic;
						SystemCapabilities = {
							com.apple.Sandbox = {
								enabled = 0;
							};
						};
					};
				};
			};
			buildConfigurationList = A0A0B2D9206B44420033C162 /* Build configuration list for PBXProject "SwiftDockerUI" */;
			compatibilityVersion = "Xcode 8.0";
			developmentRegion = en;
			hasScannedForEncodings = 0;
			knownRegions = (
				en,
				Base,
			);
			mainGroup = A0A0B2D5206B44420033C162;
			productRefGroup = A0A0B2DF206B44420033C162 /* Products */;
			projectDirPath = "";
			projectRoot = "";
			targets = (
				A0A0B2DD206B44420033C162 /* SwiftDockerUI */,
			);
		};
/* End PBXProject section */

/* Begin PBXResourcesBuildPhase section */
		A0A0B2DC206B44420033C162 /* Resources */ = {
			isa = PBXResourcesBuildPhase;
			buildActionMask = 2147483647;
			files = (
				A0A0B2E6206B44420033C162 /* Assets.xcassets in Resources */,
				A0A0B2F4206B45310033C162 /* manDocker.plist in Resources */,
				A0A0B2E9206B44420033C162 /* Main.storyboard in Resources */,
				A0A0B2F2206B44AA0033C162 /* DockerComands in Resources */,
			);
			runOnlyForDeploymentPostprocessing = 0;
		};
/* End PBXResourcesBuildPhase section */

/* Begin PBXSourcesBuildPhase section */
		A0A0B2DA206B44420033C162 /* Sources */ = {
			isa = PBXSourcesBuildPhase;
			buildActionMask = 2147483647;
			files = (
				A0A0B2E4206B44420033C162 /* ViewController.swift in Sources */,
				A0A0B2F8206BE44A0033C162 /* DockerComandTools.swift in Sources */,
				A0A0B2F6206B4FCE0033C162 /* Docker.swift in Sources */,
				A0A0B2E2206B44420033C162 /* AppDelegate.swift in Sources */,
			);
			runOnlyForDeploymentPostprocessing = 0;
		};
/* End PBXSourcesBuildPhase section */

/* Begin PBXVariantGroup section */
		A0A0B2E7206B44420033C162 /* Main.storyboard */ = {
			isa = PBXVariantGroup;
			children = (
				A0A0B2E8206B44420033C162 /* Base */,
			);
			name = Main.storyboard;
			sourceTree = "<group>";
		};
/* End PBXVariantGroup section */

/* Begin XCBuildConfiguration section */
		A0A0B2EC206B44420033C162 /* Debug */ = {
			isa = XCBuildConfiguration;
			buildSettings = {
				ALWAYS_SEARCH_USER_PATHS = NO;
				CLANG_ANALYZER_NONNULL = YES;
				CLANG_ANALYZER_NUMBER_OBJECT_CONVERSION = YES_AGGRESSIVE;
				CLANG_CXX_LANGUAGE_STANDARD = "gnu++14";
				CLANG_CXX_LIBRARY = "libc++";
				CLANG_ENABLE_MODULES = YES;
				CLANG_ENABLE_OBJC_ARC = YES;
				CLANG_WARN_BLOCK_CAPTURE_AUTORELEASING = YES;
				CLANG_WARN_BOOL_CONVERSION = YES;
				CLANG_WARN_COMMA = YES;
				CLANG_WARN_CONSTANT_CONVERSION = YES;
				CLANG_WARN_DIRECT_OBJC_ISA_USAGE = YES_ERROR;
				CLANG_WARN_DOCUMENTATION_COMMENTS = YES;
				CLANG_WARN_EMPTY_BODY = YES;
				CLANG_WARN_ENUM_CONVERSION = YES;
				CLANG_WARN_INFINITE_RECURSION = YES;
				CLANG_WARN_INT_CONVERSION = YES;
				CLANG_WARN_NON_LITERAL_NULL_CONVERSION = YES;
				CLANG_WARN_OBJC_LITERAL_CONVERSION = YES;
				CLANG_WARN_OBJC_ROOT_CLASS = YES_ERROR;
				CLANG_WARN_RANGE_LOOP_ANALYSIS = YES;
				CLANG_WARN_STRICT_PROTOTYPES = YES;
				CLANG_WARN_SUSPICIOUS_MOVE = YES;
				CLANG_WARN_UNGUARDED_AVAILABILITY = YES_AGGRESSIVE;
				CLANG_WARN_UNREACHABLE_CODE = YES;
				CLANG_WARN__DUPLICATE_METHOD_MATCH = YES;
				CODE_SIGN_IDENTITY = "Mac Developer";
				COPY_PHASE_STRIP = NO;
				DEBUG_INFORMATION_FORMAT = dwarf;
				ENABLE_STRICT_OBJC_MSGSEND = YES;
				ENABLE_TESTABILITY = YES;
				GCC_C_LANGUAGE_STANDARD = gnu11;
				GCC_DYNAMIC_NO_PIC = NO;
				GCC_NO_COMMON_BLOCKS = YES;
				GCC_OPTIMIZATION_LEVEL = 0;
				GCC_PREPROCESSOR_DEFINITIONS = (
					"DEBUG=1",
					"$(inherited)",
				);
				GCC_WARN_64_TO_32_BIT_CONVERSION = YES;
				GCC_WARN_ABOUT_RETURN_TYPE = YES_ERROR;
				GCC_WARN_UNDECLARED_SELECTOR = YES;
				GCC_WARN_UNINITIALIZED_AUTOS = YES_AGGRESSIVE;
				GCC_WARN_UNUSED_FUNCTION = YES;
				GCC_WARN_UNUSED_VARIABLE = YES;
				MACOSX_DEPLOYMENT_TARGET = 10.12;
				MTL_ENABLE_DEBUG_INFO = YES;
				ONLY_ACTIVE_ARCH = YES;
				SDKROOT = macosx;
				SWIFT_ACTIVE_COMPILATION_CONDITIONS = DEBUG;
				SWIFT_OPTIMIZATION_LEVEL = "-Onone";
			};
			name = Debug;
		};
		A0A0B2ED206B44420033C162 /* Release */ = {
			isa = XCBuildConfiguration;
			buildSettings = {
				ALWAYS_SEARCH_USER_PATHS = NO;
				CLANG_ANALYZER_NONNULL = YES;
				CLANG_ANALYZER_NUMBER_OBJECT_CONVERSION = YES_AGGRESSIVE;
				CLANG_CXX_LANGUAGE_STANDARD = "gnu++14";
				CLANG_CXX_LIBRARY = "libc++";
				CLANG_ENABLE_MODULES = YES;
				CLANG_ENABLE_OBJC_ARC = YES;
				CLANG_WARN_BLOCK_CAPTURE_AUTORELEASING = YES;
				CLANG_WARN_BOOL_CONVERSION = YES;
				CLANG_WARN_COMMA = YES;
				CLANG_WARN_CONSTANT_CONVERSION = YES;
				CLANG_WARN_DIRECT_OBJC_ISA_USAGE = YES_ERROR;
				CLANG_WARN_DOCUMENTATION_COMMENTS = YES;
				CLANG_WARN_EMPTY_BODY = YES;
				CLANG_WARN_ENUM_CONVERSION = YES;
				CLANG_WARN_INFINITE_RECURSION = YES;
				CLANG_WARN_INT_CONVERSION = YES;
				CLANG_WARN_NON_LITERAL_NULL_CONVERSION = YES;
				CLANG_WARN_OBJC_LITERAL_CONVERSION = YES;
				CLANG_WARN_OBJC_ROOT_CLASS = YES_ERROR;
				CLANG_WARN_RANGE_LOOP_ANALYSIS = YES;
				CLANG_WARN_STRICT_PROTOTYPES = YES;
				CLANG_WARN_SUSPICIOUS_MOVE = YES;
				CLANG_WARN_UNGUARDED_AVAILABILITY = YES_AGGRESSIVE;
				CLANG_WARN_UNREACHABLE_CODE = YES;
				CLANG_WARN__DUPLICATE_METHOD_MATCH = YES;
				CODE_SIGN_IDENTITY = "Mac Developer";
				COPY_PHASE_STRIP = NO;
				DEBUG_INFORMATION_FORMAT = "dwarf-with-dsym";
				ENABLE_NS_ASSERTIONS = NO;
				ENABLE_STRICT_OBJC_MSGSEND = YES;
				GCC_C_LANGUAGE_STANDARD = gnu11;
				GCC_NO_COMMON_BLOCKS = YES;
				GCC_WARN_64_TO_32_BIT_CONVERSION = YES;
				GCC_WARN_ABOUT_RETURN_TYPE = YES_ERROR;
				GCC_WARN_UNDECLARED_SELECTOR = YES;
				GCC_WARN_UNINITIALIZED_AUTOS = YES_AGGRESSIVE;
				GCC_WARN_UNUSED_FUNCTION = YES;
				GCC_WARN_UNUSED_VARIABLE = YES;
				MACOSX_DEPLOYMENT_TARGET = 10.12;
				MTL_ENABLE_DEBUG_INFO = NO;
				SDKROOT = macosx;
				SWIFT_OPTIMIZATION_LEVEL = "-Owholemodule";
			};
			name = Release;
		};
		A0A0B2EF206B44420033C162 /* Debug */ = {
			isa = XCBuildConfiguration;
			buildSettings = {
				ASSETCATALOG_COMPILER_APPICON_NAME = AppIcon;
				CODE_SIGN_STYLE = Automatic;
				COMBINE_HIDPI_IMAGES = YES;
				DEVELOPMENT_TEAM = TFF2HTL4NS;
				FRAMEWORK_SEARCH_PATHS = (
					"$(inherited)",
					"$(PROJECT_DIR)",
				);
				INFOPLIST_FILE = SwiftDockerUI/Info.plist;
				LD_RUNPATH_SEARCH_PATHS = "$(inherited) @executable_path/../Frameworks";
				MACOSX_DEPLOYMENT_TARGET = 10.12;
				PRODUCT_BUNDLE_IDENTIFIER = Talayot.Mac.SwiftDockerUI;
				PRODUCT_NAME = "$(TARGET_NAME)";
				SWIFT_VERSION = 4.0;
			};
			name = Debug;
		};
		A0A0B2F0206B44420033C162 /* Release */ = {
			isa = XCBuildConfiguration;
			buildSettings = {
				ASSETCATALOG_COMPILER_APPICON_NAME = AppIcon;
				CODE_SIGN_STYLE = Automatic;
				COMBINE_HIDPI_IMAGES = YES;
				DEVELOPMENT_TEAM = TFF2HTL4NS;
				FRAMEWORK_SEARCH_PATHS = (
					"$(inherited)",
					"$(PROJECT_DIR)",
				);
				INFOPLIST_FILE = SwiftDockerUI/Info.plist;
				LD_RUNPATH_SEARCH_PATHS = "$(inherited) @executable_path/../Frameworks";
				MACOSX_DEPLOYMENT_TARGET = 10.12;
				PRODUCT_BUNDLE_IDENTIFIER = Talayot.Mac.SwiftDockerUI;
				PRODUCT_NAME = "$(TARGET_NAME)";
				SWIFT_VERSION = 4.0;
			};
			name = Release;
		};
/* End XCBuildConfiguration section */

/* Begin XCConfigurationList section */
		A0A0B2D9206B44420033C162 /* Build configuration list for PBXProject "SwiftDockerUI" */ = {
			isa = XCConfigurationList;
			buildConfigurations = (
				A0A0B2EC206B44420033C162 /* Debug */,
				A0A0B2ED206B44420033C162 /* Release */,
			);
			defaultConfigurationIsVisible = 0;
			defaultConfigurationName = Release;
		};
		A0A0B2EE206B44420033C162 /* Build configuration list for PBXNativeTarget "SwiftDockerUI" */ = {
			isa = XCConfigurationList;
			buildConfigurations = (
				A0A0B2EF206B44420033C162 /* Debug */,
				A0A0B2F0206B44420033C162 /* Release */,
			);
			defaultConfigurationIsVisible = 0;
			defaultConfigurationName = Release;
		};
/* End XCConfigurationList section */
	};
	rootObject = A0A0B2D6206B44420033C162 /* Project object */;
}
